// !$*UTF8*$!
{
	archiveVersion = 1;
	classes = {
	};
	objectVersion = 46;
	objects = {

/* Begin PBXBuildFile section */
		1298066D39CE7EC3DA60256A /* snappy-stubs-internal.cc in Sources */ = {isa = PBXBuildFile; fileRef = 2FB74FF42B08FC378F74B2B7 /* snappy-stubs-internal.cc */; };
		1CC07C1A616F29EB8EEC3D21 /* SearchPath.cpp in Sources */ = {isa = PBXBuildFile; fileRef = 8D76B424A6DF4D70AACCDBAE /* SearchPath.cpp */; };
		1CD33E884D9E3358252E82A1 /* ofxToggle.cpp in Sources */ = {isa = PBXBuildFile; fileRef = 907C5B5E104864A2D3A25745 /* ofxToggle.cpp */; };
		347D67CCF4C7C7725118DD59 /* ByteBufferStream.cpp in Sources */ = {isa = PBXBuildFile; fileRef = C6C68D431AF8FD1A9E2DCFF2 /* ByteBufferStream.cpp */; };
		3BFC7CF50BEB0307821B90A6 /* lz4.c in Sources */ = {isa = PBXBuildFile; fileRef = 7913239832BBBF6B56ED2600 /* lz4.c */; };
		3C9A355A55D68A8E882FEF85 /* RegexPathFilter.cpp in Sources */ = {isa = PBXBuildFile; fileRef = 13D68F0C2CAE7809D621924C /* RegexPathFilter.cpp */; };
		3F59654CA5CEEFA57C8D09DC /* sptree.cpp in Sources */ = {isa = PBXBuildFile; fileRef = 29CFCFEEAF44F7849B7A8E2C /* sptree.cpp */; };
		43A33BF0EDF818E4FB3CAB18 /* ofxThreadedVideo.cpp in Sources */ = {isa = PBXBuildFile; fileRef = 5E45D8C6FD325C1BB31AF2CE /* ofxThreadedVideo.cpp */; };
		483908258D00B98B4BE69F07 /* ofxLabel.cpp in Sources */ = {isa = PBXBuildFile; fileRef = 78D67A00EB899FAC09430597 /* ofxLabel.cpp */; };
		494950167FFB212CEB9ECD0A /* ByteBufferWriter.cpp in Sources */ = {isa = PBXBuildFile; fileRef = C9BE77ADAEF79E623523E9D9 /* ByteBufferWriter.cpp */; };
		51A4134BF889D553064DCD2E /* ofxTSNE.cpp in Sources */ = {isa = PBXBuildFile; fileRef = D985BBD882BD1582C610B30C /* ofxTSNE.cpp */; };
		5BB82711925A3764235C2CEB /* FileExtensionFilter.cpp in Sources */ = {isa = PBXBuildFile; fileRef = 6BD291FB03292C6D352C26FE /* FileExtensionFilter.cpp */; };
		5CBB2AB3A60F65431D7B555D /* ofxButton.cpp in Sources */ = {isa = PBXBuildFile; fileRef = C88333E71C9457E441C33474 /* ofxButton.cpp */; };
		62509F39EA6197BEA0194276 /* ByteBufferReader.cpp in Sources */ = {isa = PBXBuildFile; fileRef = 021CAF811F031FFBDFB18797 /* ByteBufferReader.cpp */; };
		66A80FD312926DEB8C9FE7F6 /* ByteBufferUtils.cpp in Sources */ = {isa = PBXBuildFile; fileRef = FE5B3B19544657B6F9CCCA03 /* ByteBufferUtils.cpp */; };
		6A5A3AF2E51903FC129D6939 /* ofxCcv.cpp in Sources */ = {isa = PBXBuildFile; fileRef = EA24FDDC5E989AF2191488A3 /* ofxCcv.cpp */; };
		790CD6606BE3D38A9AD52AF1 /* URIEncoding.cpp in Sources */ = {isa = PBXBuildFile; fileRef = 60F63F5C68476F0C9095B247 /* URIEncoding.cpp */; };
		837220E80EB56CD44AD27F2A /* ofxSlider.cpp in Sources */ = {isa = PBXBuildFile; fileRef = 15F2C6477A769C03A56D1401 /* ofxSlider.cpp */; };
		84FED53B4CEB4C25C00E172B /* DirectoryFilter.cpp in Sources */ = {isa = PBXBuildFile; fileRef = E362E12547978AB05ABA9C57 /* DirectoryFilter.cpp */; };
		856AA354D08AB4B323081444 /* ofxBaseGui.cpp in Sources */ = {isa = PBXBuildFile; fileRef = 9604B925D32EE39065747725 /* ofxBaseGui.cpp */; };
		868BEDC19B53FD512D7E3100 /* snappy.cc in Sources */ = {isa = PBXBuildFile; fileRef = 7362D621E1B9A92F5F4AC73B /* snappy.cc */; };
		86B56E23D787A5F24641398F /* LinkFilter.cpp in Sources */ = {isa = PBXBuildFile; fileRef = 370DA13018950E5BFF8CF171 /* LinkFilter.cpp */; };
		899BAF53175868463FE1B029 /* RecursiveDirectoryIteratorStategies.cpp in Sources */ = {isa = PBXBuildFile; fileRef = F27637AABA89A235C5974D56 /* RecursiveDirectoryIteratorStategies.cpp */; };
		93640C223A2F5BEAD6DA2E35 /* Compression.cpp in Sources */ = {isa = PBXBuildFile; fileRef = 2FC8E2266FE2F5545775A16D /* Compression.cpp */; };
		A78A88346F8445759C1051ED /* ofQtUtils.cpp in Sources */ = {isa = PBXBuildFile; fileRef = 200635AFA9886B385768CF9F /* ofQtUtils.cpp */; };
		B1BF03D79762719793CC9F1A /* SLIPEncoding.cpp in Sources */ = {isa = PBXBuildFile; fileRef = D1616DA13ECD5FC9DB4D5714 /* SLIPEncoding.cpp */; };
		B266578FC55D23BFEBC042E7 /* ofxGuiGroup.cpp in Sources */ = {isa = PBXBuildFile; fileRef = ECF8674C7975F1063C5E30CA /* ofxGuiGroup.cpp */; };
		B3E6D60405574847412D7441 /* HiddenFileFilter.cpp in Sources */ = {isa = PBXBuildFile; fileRef = FCAF85B857266C511DB50341 /* HiddenFileFilter.cpp */; };
		B56FE57CC35806596D38118C /* ofxSliderGroup.cpp in Sources */ = {isa = PBXBuildFile; fileRef = 802251BAF1B35B1D67B32FD0 /* ofxSliderGroup.cpp */; };
		B7E0003B826CBA379A3F66E5 /* PathFilterCollection.cpp in Sources */ = {isa = PBXBuildFile; fileRef = 5114D2AF276E4E6E9A67B342 /* PathFilterCollection.cpp */; };
		BE177617474F11F05E9260FC /* DirectoryWatcherManager.cpp in Sources */ = {isa = PBXBuildFile; fileRef = 0B6179498D0110BD2E161373 /* DirectoryWatcherManager.cpp */; };
		BF438D1989EA8474A24FC372 /* tsne.cpp in Sources */ = {isa = PBXBuildFile; fileRef = C5EC22EBF07D1C6136CAFF40 /* tsne.cpp */; };
		CDB5B1D2D12F42502906F30F /* DeviceFilter.cpp in Sources */ = {isa = PBXBuildFile; fileRef = 00F3330A5DEBD082CEE0C12C /* DeviceFilter.cpp */; };
		CEFD3CCAB8B3251DFCAAA0EE /* DirectoryUtils.cpp in Sources */ = {isa = PBXBuildFile; fileRef = 9A967D1FAFA98A7CBBFA4F55 /* DirectoryUtils.cpp */; };
		D81A435CE7FDF51B41956210 /* snappy-sinksource.cc in Sources */ = {isa = PBXBuildFile; fileRef = 9A430D6BD10DC31AE2D07DA0 /* snappy-sinksource.cc */; };
		D932A5A24FCF08AE510A265D /* ByteBuffer.cpp in Sources */ = {isa = PBXBuildFile; fileRef = 93384835C77BD4299F8A7F90 /* ByteBuffer.cpp */; };
		DFA0F30B1193D5DC1BB53E5E /* Base64Encoding.cpp in Sources */ = {isa = PBXBuildFile; fileRef = 9D639BA31583580D80CFE15D /* Base64Encoding.cpp */; };
		E2C54FD4C85A860582282F7C /* RecursiveDirectoryIterator.cpp in Sources */ = {isa = PBXBuildFile; fileRef = E95C4518AEDCDBEA357754B0 /* RecursiveDirectoryIterator.cpp */; };
		E4328149138ABC9F0047C5CB /* openFrameworksDebug.a in Frameworks */ = {isa = PBXBuildFile; fileRef = E4328148138ABC890047C5CB /* openFrameworksDebug.a */; };
		E4B69E200A3A1BDC003C02F2 /* main.cpp in Sources */ = {isa = PBXBuildFile; fileRef = E4B69E1D0A3A1BDC003C02F2 /* main.cpp */; };
		E4B69E210A3A1BDC003C02F2 /* ofApp.cpp in Sources */ = {isa = PBXBuildFile; fileRef = E4B69E1E0A3A1BDC003C02F2 /* ofApp.cpp */; };
		E51F023C520F01514EE7C7BD /* ofQuickTimePlayer.cpp in Sources */ = {isa = PBXBuildFile; fileRef = 87207862AEFA00BA69E52F72 /* ofQuickTimePlayer.cpp */; };
		EB4F14C4AE3B3EFD04520383 /* DirectoryWatcher.cpp in Sources */ = {isa = PBXBuildFile; fileRef = 12A42DF3BFDE28A4818C2EC4 /* DirectoryWatcher.cpp */; };
		F285EB3169F1566CA3D93C20 /* ofxPanel.cpp in Sources */ = {isa = PBXBuildFile; fileRef = E112B3AEBEA2C091BF2B40AE /* ofxPanel.cpp */; };
		F953E11952BFF8C207418550 /* HexBinaryEncoding.cpp in Sources */ = {isa = PBXBuildFile; fileRef = 22565CAF8FFEF25C805A438F /* HexBinaryEncoding.cpp */; };
		FE9170FE54D704DF97B0E5BD /* COBSEncoding.cpp in Sources */ = {isa = PBXBuildFile; fileRef = 4164C6C6CE5115889A99F42C /* COBSEncoding.cpp */; };
/* End PBXBuildFile section */

/* Begin PBXContainerItemProxy section */
		E4328147138ABC890047C5CB /* PBXContainerItemProxy */ = {
			isa = PBXContainerItemProxy;
			containerPortal = E4328143138ABC890047C5CB /* openFrameworksLib.xcodeproj */;
			proxyType = 2;
			remoteGlobalIDString = E4B27C1510CBEB8E00536013;
			remoteInfo = openFrameworks;
		};
		E4EEB9AB138B136A00A80321 /* PBXContainerItemProxy */ = {
			isa = PBXContainerItemProxy;
			containerPortal = E4328143138ABC890047C5CB /* openFrameworksLib.xcodeproj */;
			proxyType = 1;
			remoteGlobalIDString = E4B27C1410CBEB8E00536013;
			remoteInfo = openFrameworks;
		};
/* End PBXContainerItemProxy section */

/* Begin PBXCopyFilesBuildPhase section */
		E4C2427710CC5ABF004149E2 /* CopyFiles */ = {
			isa = PBXCopyFilesBuildPhase;
			buildActionMask = 2147483647;
			dstPath = "";
			dstSubfolderSpec = 10;
			files = (
			);
			runOnlyForDeploymentPostprocessing = 0;
		};
/* End PBXCopyFilesBuildPhase section */

/* Begin PBXFileReference section */
		00F3330A5DEBD082CEE0C12C /* DeviceFilter.cpp */ = {isa = PBXFileReference; explicitFileType = sourcecode.cpp.cpp; fileEncoding = 30; name = DeviceFilter.cpp; path = ../../../addons/ofxIO/libs/ofxIO/src/DeviceFilter.cpp; sourceTree = SOURCE_ROOT; };
		021CAF811F031FFBDFB18797 /* ByteBufferReader.cpp */ = {isa = PBXFileReference; explicitFileType = sourcecode.cpp.cpp; fileEncoding = 30; name = ByteBufferReader.cpp; path = ../../../addons/ofxIO/libs/ofxIO/src/ByteBufferReader.cpp; sourceTree = SOURCE_ROOT; };
		08401BD1A5AEF44AFF422B23 /* ByteBufferStream.h */ = {isa = PBXFileReference; explicitFileType = sourcecode.c.h; fileEncoding = 30; name = ByteBufferStream.h; path = ../../../addons/ofxIO/libs/ofxIO/include/ofx/IO/ByteBufferStream.h; sourceTree = SOURCE_ROOT; };
		0A1DAC09F322AE313A40706D /* ofxToggle.h */ = {isa = PBXFileReference; explicitFileType = sourcecode.c.h; fileEncoding = 30; name = ofxToggle.h; path = ../../../addons/ofxGui/src/ofxToggle.h; sourceTree = SOURCE_ROOT; };
		0B6179498D0110BD2E161373 /* DirectoryWatcherManager.cpp */ = {isa = PBXFileReference; explicitFileType = sourcecode.cpp.cpp; fileEncoding = 30; name = DirectoryWatcherManager.cpp; path = ../../../addons/ofxIO/libs/ofxIO/src/DirectoryWatcherManager.cpp; sourceTree = SOURCE_ROOT; };
		0FC82546C315D104CC8178D7 /* PathFilterCollection.h */ = {isa = PBXFileReference; explicitFileType = sourcecode.c.h; fileEncoding = 30; name = PathFilterCollection.h; path = ../../../addons/ofxIO/libs/ofxIO/include/ofx/IO/PathFilterCollection.h; sourceTree = SOURCE_ROOT; };
		12A42DF3BFDE28A4818C2EC4 /* DirectoryWatcher.cpp */ = {isa = PBXFileReference; explicitFileType = sourcecode.cpp.cpp; fileEncoding = 30; name = DirectoryWatcher.cpp; path = ../../../addons/ofxIO/libs/ofxIO/src/DirectoryWatcher.cpp; sourceTree = SOURCE_ROOT; };
		13D68F0C2CAE7809D621924C /* RegexPathFilter.cpp */ = {isa = PBXFileReference; explicitFileType = sourcecode.cpp.cpp; fileEncoding = 30; name = RegexPathFilter.cpp; path = ../../../addons/ofxIO/libs/ofxIO/src/RegexPathFilter.cpp; sourceTree = SOURCE_ROOT; };
		14290ED8DE68778AE3023FBC /* LinkFilter.h */ = {isa = PBXFileReference; explicitFileType = sourcecode.c.h; fileEncoding = 30; name = LinkFilter.h; path = ../../../addons/ofxIO/libs/ofxIO/include/ofx/IO/LinkFilter.h; sourceTree = SOURCE_ROOT; };
		15F2C6477A769C03A56D1401 /* ofxSlider.cpp */ = {isa = PBXFileReference; explicitFileType = sourcecode.cpp.cpp; fileEncoding = 30; name = ofxSlider.cpp; path = ../../../addons/ofxGui/src/ofxSlider.cpp; sourceTree = SOURCE_ROOT; };
		17E65988300FBD9AAA2CD0CA /* ofxGui.h */ = {isa = PBXFileReference; explicitFileType = sourcecode.c.h; fileEncoding = 30; name = ofxGui.h; path = ../../../addons/ofxGui/src/ofxGui.h; sourceTree = SOURCE_ROOT; };
		181F02B531162F6039F6ADC2 /* DirectoryWatcher.h */ = {isa = PBXFileReference; explicitFileType = sourcecode.c.h; fileEncoding = 30; name = DirectoryWatcher.h; path = ../../../addons/ofxIO/libs/ofxIO/include/ofx/DirectoryWatcher.h; sourceTree = SOURCE_ROOT; };
		1C011DA756FF131FC46A2907 /* FileExtensionFilter.h */ = {isa = PBXFileReference; explicitFileType = sourcecode.c.h; fileEncoding = 30; name = FileExtensionFilter.h; path = ../../../addons/ofxIO/libs/ofxIO/include/ofx/IO/FileExtensionFilter.h; sourceTree = SOURCE_ROOT; };
		1C0DA2561397A7DE0246858B /* ofxGuiGroup.h */ = {isa = PBXFileReference; explicitFileType = sourcecode.c.h; fileEncoding = 30; name = ofxGuiGroup.h; path = ../../../addons/ofxGui/src/ofxGuiGroup.h; sourceTree = SOURCE_ROOT; };
		1E8B79D0091B95C305295952 /* URIEncoding.h */ = {isa = PBXFileReference; explicitFileType = sourcecode.c.h; fileEncoding = 30; name = URIEncoding.h; path = ../../../addons/ofxIO/libs/ofxIO/include/ofx/IO/URIEncoding.h; sourceTree = SOURCE_ROOT; };
		1F7816F26F468BAC49B9ADD0 /* vptree.h */ = {isa = PBXFileReference; explicitFileType = sourcecode.c.h; fileEncoding = 30; name = vptree.h; path = ../../../addons/ofxTSNE/src/bhtsne/vptree.h; sourceTree = SOURCE_ROOT; };
		200635AFA9886B385768CF9F /* ofQtUtils.cpp */ = {isa = PBXFileReference; explicitFileType = sourcecode.cpp.cpp; fileEncoding = 30; name = ofQtUtils.cpp; path = ../../../addons/ofxThreadedVideo/libs/ofQuickTimePlayer/ofQtUtils.cpp; sourceTree = SOURCE_ROOT; };
		22565CAF8FFEF25C805A438F /* HexBinaryEncoding.cpp */ = {isa = PBXFileReference; explicitFileType = sourcecode.cpp.cpp; fileEncoding = 30; name = HexBinaryEncoding.cpp; path = ../../../addons/ofxIO/libs/ofxIO/src/HexBinaryEncoding.cpp; sourceTree = SOURCE_ROOT; };
		2834D88A62CD23F3DE2C47D1 /* ofxButton.h */ = {isa = PBXFileReference; explicitFileType = sourcecode.c.h; fileEncoding = 30; name = ofxButton.h; path = ../../../addons/ofxGui/src/ofxButton.h; sourceTree = SOURCE_ROOT; };
		29CFCFEEAF44F7849B7A8E2C /* sptree.cpp */ = {isa = PBXFileReference; explicitFileType = sourcecode.cpp.cpp; fileEncoding = 30; name = sptree.cpp; path = ../../../addons/ofxTSNE/src/bhtsne/sptree.cpp; sourceTree = SOURCE_ROOT; };
		2BC552B95352F479531DC424 /* snappy-stubs-internal.h */ = {isa = PBXFileReference; explicitFileType = sourcecode.c.h; fileEncoding = 30; name = "snappy-stubs-internal.h"; path = "../../../addons/ofxIO/libs/snappy/src/snappy-stubs-internal.h"; sourceTree = SOURCE_ROOT; };
		2D170F102215CF0511959D79 /* ByteBuffer.h */ = {isa = PBXFileReference; explicitFileType = sourcecode.c.h; fileEncoding = 30; name = ByteBuffer.h; path = ../../../addons/ofxIO/libs/ofxIO/include/ofx/IO/ByteBuffer.h; sourceTree = SOURCE_ROOT; };
		2FB74FF42B08FC378F74B2B7 /* snappy-stubs-internal.cc */ = {isa = PBXFileReference; explicitFileType = sourcecode.cpp.cpp; fileEncoding = 30; name = "snappy-stubs-internal.cc"; path = "../../../addons/ofxIO/libs/snappy/src/snappy-stubs-internal.cc"; sourceTree = SOURCE_ROOT; };
		2FC8E2266FE2F5545775A16D /* Compression.cpp */ = {isa = PBXFileReference; explicitFileType = sourcecode.cpp.cpp; fileEncoding = 30; name = Compression.cpp; path = ../../../addons/ofxIO/libs/ofxIO/src/Compression.cpp; sourceTree = SOURCE_ROOT; };
		370DA13018950E5BFF8CF171 /* LinkFilter.cpp */ = {isa = PBXFileReference; explicitFileType = sourcecode.cpp.cpp; fileEncoding = 30; name = LinkFilter.cpp; path = ../../../addons/ofxIO/libs/ofxIO/src/LinkFilter.cpp; sourceTree = SOURCE_ROOT; };
		3CFE04CCE515BDEA95DEAA71 /* ByteBufferReader.h */ = {isa = PBXFileReference; explicitFileType = sourcecode.c.h; fileEncoding = 30; name = ByteBufferReader.h; path = ../../../addons/ofxIO/libs/ofxIO/include/ofx/IO/ByteBufferReader.h; sourceTree = SOURCE_ROOT; };
		4164C6C6CE5115889A99F42C /* COBSEncoding.cpp */ = {isa = PBXFileReference; explicitFileType = sourcecode.cpp.cpp; fileEncoding = 30; name = COBSEncoding.cpp; path = ../../../addons/ofxIO/libs/ofxIO/src/COBSEncoding.cpp; sourceTree = SOURCE_ROOT; };
		4593838C4B4BCE40284AAE07 /* ofxIO.h */ = {isa = PBXFileReference; explicitFileType = sourcecode.c.h; fileEncoding = 30; name = ofxIO.h; path = ../../../addons/ofxIO/src/ofxIO.h; sourceTree = SOURCE_ROOT; };
		4640D0013F0E0521ED9BB779 /* ofQtUtils.h */ = {isa = PBXFileReference; explicitFileType = sourcecode.c.h; fileEncoding = 30; name = ofQtUtils.h; path = ../../../addons/ofxThreadedVideo/libs/ofQuickTimePlayer/ofQtUtils.h; sourceTree = SOURCE_ROOT; };
		469AA5350C4777BED9805BC4 /* RecursiveDirectoryIteratorStategies.h */ = {isa = PBXFileReference; explicitFileType = sourcecode.c.h; fileEncoding = 30; name = RecursiveDirectoryIteratorStategies.h; path = ../../../addons/ofxIO/libs/ofxIO/include/ofx/RecursiveDirectoryIteratorStategies.h; sourceTree = SOURCE_ROOT; };
		473D2DD7F867134035DB56BC /* ofQuickTimePlayer.h */ = {isa = PBXFileReference; explicitFileType = sourcecode.c.h; fileEncoding = 30; name = ofQuickTimePlayer.h; path = ../../../addons/ofxThreadedVideo/libs/ofQuickTimePlayer/ofQuickTimePlayer.h; sourceTree = SOURCE_ROOT; };
		4D38898647BBFEEBB89C1569 /* alphanum.hpp */ = {isa = PBXFileReference; explicitFileType = sourcecode.c.h; fileEncoding = 30; name = alphanum.hpp; path = ../../../addons/ofxIO/libs/alphanum/include/alphanum.hpp; sourceTree = SOURCE_ROOT; };
		4EAC68CB142D702F9E3FD73E /* HexBinaryEncoding.h */ = {isa = PBXFileReference; explicitFileType = sourcecode.c.h; fileEncoding = 30; name = HexBinaryEncoding.h; path = ../../../addons/ofxIO/libs/ofxIO/include/ofx/IO/HexBinaryEncoding.h; sourceTree = SOURCE_ROOT; };
		5114D2AF276E4E6E9A67B342 /* PathFilterCollection.cpp */ = {isa = PBXFileReference; explicitFileType = sourcecode.cpp.cpp; fileEncoding = 30; name = PathFilterCollection.cpp; path = ../../../addons/ofxIO/libs/ofxIO/src/PathFilterCollection.cpp; sourceTree = SOURCE_ROOT; };
		52AFA1F08C420992CAAAE648 /* ofxSlider.h */ = {isa = PBXFileReference; explicitFileType = sourcecode.c.h; fileEncoding = 30; name = ofxSlider.h; path = ../../../addons/ofxGui/src/ofxSlider.h; sourceTree = SOURCE_ROOT; };
		54DCDCE01CF02EC24329509D /* tsne.h */ = {isa = PBXFileReference; explicitFileType = sourcecode.c.h; fileEncoding = 30; name = tsne.h; path = ../../../addons/ofxTSNE/src/bhtsne/tsne.h; sourceTree = SOURCE_ROOT; };
		557678EEFF0D0C6D692D0DEC /* DeviceFilter.h */ = {isa = PBXFileReference; explicitFileType = sourcecode.c.h; fileEncoding = 30; name = DeviceFilter.h; path = ../../../addons/ofxIO/libs/ofxIO/include/ofx/IO/DeviceFilter.h; sourceTree = SOURCE_ROOT; };
		57E858FCDF1AB73089F1A9F0 /* HiddenFileFilter.h */ = {isa = PBXFileReference; explicitFileType = sourcecode.c.h; fileEncoding = 30; name = HiddenFileFilter.h; path = ../../../addons/ofxIO/libs/ofxIO/include/ofx/IO/HiddenFileFilter.h; sourceTree = SOURCE_ROOT; };
		5D4C9D17E0C3F84DDB888544 /* ByteBufferUtils.h */ = {isa = PBXFileReference; explicitFileType = sourcecode.c.h; fileEncoding = 30; name = ByteBufferUtils.h; path = ../../../addons/ofxIO/libs/ofxIO/include/ofx/IO/ByteBufferUtils.h; sourceTree = SOURCE_ROOT; };
		5E45D8C6FD325C1BB31AF2CE /* ofxThreadedVideo.cpp */ = {isa = PBXFileReference; explicitFileType = sourcecode.cpp.cpp; fileEncoding = 30; name = ofxThreadedVideo.cpp; path = ../../../addons/ofxThreadedVideo/src/ofxThreadedVideo.cpp; sourceTree = SOURCE_ROOT; };
		60F63F5C68476F0C9095B247 /* URIEncoding.cpp */ = {isa = PBXFileReference; explicitFileType = sourcecode.cpp.cpp; fileEncoding = 30; name = URIEncoding.cpp; path = ../../../addons/ofxIO/libs/ofxIO/src/URIEncoding.cpp; sourceTree = SOURCE_ROOT; };
		64F728D0405D9777ECF43CD9 /* Base64Encoding.h */ = {isa = PBXFileReference; explicitFileType = sourcecode.c.h; fileEncoding = 30; name = Base64Encoding.h; path = ../../../addons/ofxIO/libs/ofxIO/include/ofx/IO/Base64Encoding.h; sourceTree = SOURCE_ROOT; };
		67B9F66F8197CB04B450E465 /* SLIPEncoding.h */ = {isa = PBXFileReference; explicitFileType = sourcecode.c.h; fileEncoding = 30; name = SLIPEncoding.h; path = ../../../addons/ofxIO/libs/ofxIO/include/ofx/IO/SLIPEncoding.h; sourceTree = SOURCE_ROOT; };
		6BD291FB03292C6D352C26FE /* FileExtensionFilter.cpp */ = {isa = PBXFileReference; explicitFileType = sourcecode.cpp.cpp; fileEncoding = 30; name = FileExtensionFilter.cpp; path = ../../../addons/ofxIO/libs/ofxIO/src/FileExtensionFilter.cpp; sourceTree = SOURCE_ROOT; };
		72804EF074677512091594C2 /* snappy.h */ = {isa = PBXFileReference; explicitFileType = sourcecode.c.h; fileEncoding = 30; name = snappy.h; path = ../../../addons/ofxIO/libs/snappy/src/snappy.h; sourceTree = SOURCE_ROOT; };
		7362D621E1B9A92F5F4AC73B /* snappy.cc */ = {isa = PBXFileReference; explicitFileType = sourcecode.cpp.cpp; fileEncoding = 30; name = snappy.cc; path = ../../../addons/ofxIO/libs/snappy/src/snappy.cc; sourceTree = SOURCE_ROOT; };
		78D67A00EB899FAC09430597 /* ofxLabel.cpp */ = {isa = PBXFileReference; explicitFileType = sourcecode.cpp.cpp; fileEncoding = 30; name = ofxLabel.cpp; path = ../../../addons/ofxGui/src/ofxLabel.cpp; sourceTree = SOURCE_ROOT; };
		7913239832BBBF6B56ED2600 /* lz4.c */ = {isa = PBXFileReference; explicitFileType = sourcecode.c.c; fileEncoding = 30; name = lz4.c; path = ../../../addons/ofxIO/libs/lz4/src/lz4.c; sourceTree = SOURCE_ROOT; };
		802251BAF1B35B1D67B32FD0 /* ofxSliderGroup.cpp */ = {isa = PBXFileReference; explicitFileType = sourcecode.cpp.cpp; fileEncoding = 30; name = ofxSliderGroup.cpp; path = ../../../addons/ofxGui/src/ofxSliderGroup.cpp; sourceTree = SOURCE_ROOT; };
		85307C7E25682171EB5DC998 /* ccv.h */ = {isa = PBXFileReference; explicitFileType = sourcecode.c.h; fileEncoding = 30; name = ccv.h; path = ../../../addons/ofxCcv/libs/ccv/include/ccv.h; sourceTree = SOURCE_ROOT; };
		85B399C99F9879F6C78EDE1B /* snappy-stubs-public.h */ = {isa = PBXFileReference; explicitFileType = sourcecode.c.h; fileEncoding = 30; name = "snappy-stubs-public.h"; path = "../../../addons/ofxIO/libs/snappy/src/snappy-stubs-public.h"; sourceTree = SOURCE_ROOT; };
		87207862AEFA00BA69E52F72 /* ofQuickTimePlayer.cpp */ = {isa = PBXFileReference; explicitFileType = sourcecode.cpp.cpp; fileEncoding = 30; name = ofQuickTimePlayer.cpp; path = ../../../addons/ofxThreadedVideo/libs/ofQuickTimePlayer/ofQuickTimePlayer.cpp; sourceTree = SOURCE_ROOT; };
		87F26B4B24CBD428AD9EEBAA /* ofxBaseGui.h */ = {isa = PBXFileReference; explicitFileType = sourcecode.c.h; fileEncoding = 30; name = ofxBaseGui.h; path = ../../../addons/ofxGui/src/ofxBaseGui.h; sourceTree = SOURCE_ROOT; };
		89449E3044D456F7DE7BEA14 /* ofxPanel.h */ = {isa = PBXFileReference; explicitFileType = sourcecode.c.h; fileEncoding = 30; name = ofxPanel.h; path = ../../../addons/ofxGui/src/ofxPanel.h; sourceTree = SOURCE_ROOT; };
		89B60FB247E1F64013C716DC /* AbstractTypes.h */ = {isa = PBXFileReference; explicitFileType = sourcecode.c.h; fileEncoding = 30; name = AbstractTypes.h; path = ../../../addons/ofxIO/libs/ofxIO/include/ofx/IO/AbstractTypes.h; sourceTree = SOURCE_ROOT; };
		8D76B424A6DF4D70AACCDBAE /* SearchPath.cpp */ = {isa = PBXFileReference; explicitFileType = sourcecode.cpp.cpp; fileEncoding = 30; name = SearchPath.cpp; path = ../../../addons/ofxIO/libs/ofxIO/src/SearchPath.cpp; sourceTree = SOURCE_ROOT; };
		907C5B5E104864A2D3A25745 /* ofxToggle.cpp */ = {isa = PBXFileReference; explicitFileType = sourcecode.cpp.cpp; fileEncoding = 30; name = ofxToggle.cpp; path = ../../../addons/ofxGui/src/ofxToggle.cpp; sourceTree = SOURCE_ROOT; };
		93384835C77BD4299F8A7F90 /* ByteBuffer.cpp */ = {isa = PBXFileReference; explicitFileType = sourcecode.cpp.cpp; fileEncoding = 30; name = ByteBuffer.cpp; path = ../../../addons/ofxIO/libs/ofxIO/src/ByteBuffer.cpp; sourceTree = SOURCE_ROOT; };
		9604B925D32EE39065747725 /* ofxBaseGui.cpp */ = {isa = PBXFileReference; explicitFileType = sourcecode.cpp.cpp; fileEncoding = 30; name = ofxBaseGui.cpp; path = ../../../addons/ofxGui/src/ofxBaseGui.cpp; sourceTree = SOURCE_ROOT; };
		9912FEC53B46A243A4DAC743 /* json.hpp */ = {isa = PBXFileReference; explicitFileType = sourcecode.c.h; fileEncoding = 30; name = json.hpp; path = ../../../addons/ofxIO/libs/json/include/json.hpp; sourceTree = SOURCE_ROOT; };
		9A430D6BD10DC31AE2D07DA0 /* snappy-sinksource.cc */ = {isa = PBXFileReference; explicitFileType = sourcecode.cpp.cpp; fileEncoding = 30; name = "snappy-sinksource.cc"; path = "../../../addons/ofxIO/libs/snappy/src/snappy-sinksource.cc"; sourceTree = SOURCE_ROOT; };
		9A967D1FAFA98A7CBBFA4F55 /* DirectoryUtils.cpp */ = {isa = PBXFileReference; explicitFileType = sourcecode.cpp.cpp; fileEncoding = 30; name = DirectoryUtils.cpp; path = ../../../addons/ofxIO/libs/ofxIO/src/DirectoryUtils.cpp; sourceTree = SOURCE_ROOT; };
		9D639BA31583580D80CFE15D /* Base64Encoding.cpp */ = {isa = PBXFileReference; explicitFileType = sourcecode.cpp.cpp; fileEncoding = 30; name = Base64Encoding.cpp; path = ../../../addons/ofxIO/libs/ofxIO/src/Base64Encoding.cpp; sourceTree = SOURCE_ROOT; };
		9E2A709AC0FDCAC46BEC3DB4 /* RecursiveDirectoryIterator.h */ = {isa = PBXFileReference; explicitFileType = sourcecode.c.h; fileEncoding = 30; name = RecursiveDirectoryIterator.h; path = ../../../addons/ofxIO/libs/ofxIO/include/ofx/RecursiveDirectoryIterator.h; sourceTree = SOURCE_ROOT; };
		A18A04F43F1A3D8641B0D261 /* ofxTSNE.h */ = {isa = PBXFileReference; explicitFileType = sourcecode.c.h; fileEncoding = 30; name = ofxTSNE.h; path = ../../../addons/ofxTSNE/src/ofxTSNE.h; sourceTree = SOURCE_ROOT; };
		A9ABBF4A56F7A5AAB5A5DC5D /* snappy-sinksource.h */ = {isa = PBXFileReference; explicitFileType = sourcecode.c.h; fileEncoding = 30; name = "snappy-sinksource.h"; path = "../../../addons/ofxIO/libs/snappy/src/snappy-sinksource.h"; sourceTree = SOURCE_ROOT; };
		B608BB92EA071BC82EB9F62F /* RecursiveDirectoryIteratorImpl.h */ = {isa = PBXFileReference; explicitFileType = sourcecode.c.h; fileEncoding = 30; name = RecursiveDirectoryIteratorImpl.h; path = ../../../addons/ofxIO/libs/ofxIO/include/ofx/RecursiveDirectoryIteratorImpl.h; sourceTree = SOURCE_ROOT; };
		B87C60311EC1FE841C1ECD89 /* ofxLabel.h */ = {isa = PBXFileReference; explicitFileType = sourcecode.c.h; fileEncoding = 30; name = ofxLabel.h; path = ../../../addons/ofxGui/src/ofxLabel.h; sourceTree = SOURCE_ROOT; };
		BEFFAA5B8275E0AE066FC2E3 /* DirectoryWatcherManager.h */ = {isa = PBXFileReference; explicitFileType = sourcecode.c.h; fileEncoding = 30; name = DirectoryWatcherManager.h; path = ../../../addons/ofxIO/libs/ofxIO/include/ofx/IO/DirectoryWatcherManager.h; sourceTree = SOURCE_ROOT; };
		BF0BB2F28A4522316B1563A5 /* COBSEncoding.h */ = {isa = PBXFileReference; explicitFileType = sourcecode.c.h; fileEncoding = 30; name = COBSEncoding.h; path = ../../../addons/ofxIO/libs/ofxIO/include/ofx/IO/COBSEncoding.h; sourceTree = SOURCE_ROOT; };
		C5EC22EBF07D1C6136CAFF40 /* tsne.cpp */ = {isa = PBXFileReference; explicitFileType = sourcecode.cpp.cpp; fileEncoding = 30; name = tsne.cpp; path = ../../../addons/ofxTSNE/src/bhtsne/tsne.cpp; sourceTree = SOURCE_ROOT; };
		C6C68D431AF8FD1A9E2DCFF2 /* ByteBufferStream.cpp */ = {isa = PBXFileReference; explicitFileType = sourcecode.cpp.cpp; fileEncoding = 30; name = ByteBufferStream.cpp; path = ../../../addons/ofxIO/libs/ofxIO/src/ByteBufferStream.cpp; sourceTree = SOURCE_ROOT; };
		C70D8946940288799E82131E /* ofxSliderGroup.h */ = {isa = PBXFileReference; explicitFileType = sourcecode.c.h; fileEncoding = 30; name = ofxSliderGroup.h; path = ../../../addons/ofxGui/src/ofxSliderGroup.h; sourceTree = SOURCE_ROOT; };
		C88333E71C9457E441C33474 /* ofxButton.cpp */ = {isa = PBXFileReference; explicitFileType = sourcecode.cpp.cpp; fileEncoding = 30; name = ofxButton.cpp; path = ../../../addons/ofxGui/src/ofxButton.cpp; sourceTree = SOURCE_ROOT; };
		C8F2762F4CCE12D7C1022DAA /* Compression.h */ = {isa = PBXFileReference; explicitFileType = sourcecode.c.h; fileEncoding = 30; name = Compression.h; path = ../../../addons/ofxIO/libs/ofxIO/include/ofx/IO/Compression.h; sourceTree = SOURCE_ROOT; };
		C9BE77ADAEF79E623523E9D9 /* ByteBufferWriter.cpp */ = {isa = PBXFileReference; explicitFileType = sourcecode.cpp.cpp; fileEncoding = 30; name = ByteBufferWriter.cpp; path = ../../../addons/ofxIO/libs/ofxIO/src/ByteBufferWriter.cpp; sourceTree = SOURCE_ROOT; };
		CDC404ED9ABBC52A78231ECB /* ofxThreadedVideo.h */ = {isa = PBXFileReference; explicitFileType = sourcecode.c.h; fileEncoding = 30; name = ofxThreadedVideo.h; path = ../../../addons/ofxThreadedVideo/src/ofxThreadedVideo.h; sourceTree = SOURCE_ROOT; };
		CECE089D24F272DB22504892 /* DirectoryFilter.h */ = {isa = PBXFileReference; explicitFileType = sourcecode.c.h; fileEncoding = 30; name = DirectoryFilter.h; path = ../../../addons/ofxIO/libs/ofxIO/include/ofx/IO/DirectoryFilter.h; sourceTree = SOURCE_ROOT; };
		D1616DA13ECD5FC9DB4D5714 /* SLIPEncoding.cpp */ = {isa = PBXFileReference; explicitFileType = sourcecode.cpp.cpp; fileEncoding = 30; name = SLIPEncoding.cpp; path = ../../../addons/ofxIO/libs/ofxIO/src/SLIPEncoding.cpp; sourceTree = SOURCE_ROOT; };
		D1F82A94BD80BDC78E0B1922 /* DirectoryUtils.h */ = {isa = PBXFileReference; explicitFileType = sourcecode.c.h; fileEncoding = 30; name = DirectoryUtils.h; path = ../../../addons/ofxIO/libs/ofxIO/include/ofx/IO/DirectoryUtils.h; sourceTree = SOURCE_ROOT; };
		D361105E69E9248C8CDD4024 /* sptree.h */ = {isa = PBXFileReference; explicitFileType = sourcecode.c.h; fileEncoding = 30; name = sptree.h; path = ../../../addons/ofxTSNE/src/bhtsne/sptree.h; sourceTree = SOURCE_ROOT; };
		D985BBD882BD1582C610B30C /* ofxTSNE.cpp */ = {isa = PBXFileReference; explicitFileType = sourcecode.cpp.cpp; fileEncoding = 30; name = ofxTSNE.cpp; path = ../../../addons/ofxTSNE/src/ofxTSNE.cpp; sourceTree = SOURCE_ROOT; };
		DE75137AC67515D3FC3624C7 /* ofxCcv.h */ = {isa = PBXFileReference; explicitFileType = sourcecode.c.h; fileEncoding = 30; name = ofxCcv.h; path = ../../../addons/ofxCcv/src/ofxCcv.h; sourceTree = SOURCE_ROOT; };
		E112B3AEBEA2C091BF2B40AE /* ofxPanel.cpp */ = {isa = PBXFileReference; explicitFileType = sourcecode.cpp.cpp; fileEncoding = 30; name = ofxPanel.cpp; path = ../../../addons/ofxGui/src/ofxPanel.cpp; sourceTree = SOURCE_ROOT; };
		E362E12547978AB05ABA9C57 /* DirectoryFilter.cpp */ = {isa = PBXFileReference; explicitFileType = sourcecode.cpp.cpp; fileEncoding = 30; name = DirectoryFilter.cpp; path = ../../../addons/ofxIO/libs/ofxIO/src/DirectoryFilter.cpp; sourceTree = SOURCE_ROOT; };
		E4328143138ABC890047C5CB /* openFrameworksLib.xcodeproj */ = {isa = PBXFileReference; lastKnownFileType = "wrapper.pb-project"; name = openFrameworksLib.xcodeproj; path = ../../../libs/openFrameworksCompiled/project/osx/openFrameworksLib.xcodeproj; sourceTree = SOURCE_ROOT; };
		E4B69B5B0A3A1756003C02F2 /* tSNEImageCoordinatesDebug.app */ = {isa = PBXFileReference; explicitFileType = wrapper.application; includeInIndex = 0; path = tSNEImageCoordinatesDebug.app; sourceTree = BUILT_PRODUCTS_DIR; };
		E4B69E1D0A3A1BDC003C02F2 /* main.cpp */ = {isa = PBXFileReference; fileEncoding = 30; lastKnownFileType = sourcecode.cpp.cpp; name = main.cpp; path = src/main.cpp; sourceTree = SOURCE_ROOT; };
		E4B69E1E0A3A1BDC003C02F2 /* ofApp.cpp */ = {isa = PBXFileReference; explicitFileType = sourcecode.cpp.cpp; fileEncoding = 30; name = ofApp.cpp; path = src/ofApp.cpp; sourceTree = SOURCE_ROOT; };
		E4B69E1F0A3A1BDC003C02F2 /* ofApp.h */ = {isa = PBXFileReference; fileEncoding = 30; lastKnownFileType = sourcecode.c.h; name = ofApp.h; path = src/ofApp.h; sourceTree = SOURCE_ROOT; };
		E4B6FCAD0C3E899E008CF71C /* openFrameworks-Info.plist */ = {isa = PBXFileReference; fileEncoding = 30; lastKnownFileType = text.plist.xml; path = "openFrameworks-Info.plist"; sourceTree = "<group>"; };
		E4EB691F138AFCF100A09F29 /* CoreOF.xcconfig */ = {isa = PBXFileReference; fileEncoding = 4; lastKnownFileType = text.xcconfig; name = CoreOF.xcconfig; path = ../../../libs/openFrameworksCompiled/project/osx/CoreOF.xcconfig; sourceTree = SOURCE_ROOT; };
		E4EB6923138AFD0F00A09F29 /* Project.xcconfig */ = {isa = PBXFileReference; fileEncoding = 4; lastKnownFileType = text.xcconfig; path = Project.xcconfig; sourceTree = "<group>"; };
		E8AF8381484827A10A418B26 /* SearchPath.h */ = {isa = PBXFileReference; explicitFileType = sourcecode.c.h; fileEncoding = 30; name = SearchPath.h; path = ../../../addons/ofxIO/libs/ofxIO/include/ofx/IO/SearchPath.h; sourceTree = SOURCE_ROOT; };
		E95C4518AEDCDBEA357754B0 /* RecursiveDirectoryIterator.cpp */ = {isa = PBXFileReference; explicitFileType = sourcecode.cpp.cpp; fileEncoding = 30; name = RecursiveDirectoryIterator.cpp; path = ../../../addons/ofxIO/libs/ofxIO/src/RecursiveDirectoryIterator.cpp; sourceTree = SOURCE_ROOT; };
		EA24FDDC5E989AF2191488A3 /* ofxCcv.cpp */ = {isa = PBXFileReference; explicitFileType = sourcecode.cpp.cpp; fileEncoding = 30; name = ofxCcv.cpp; path = ../../../addons/ofxCcv/src/ofxCcv.cpp; sourceTree = SOURCE_ROOT; };
		EBECBB67C55635D1B4871A42 /* snappy-internal.h */ = {isa = PBXFileReference; explicitFileType = sourcecode.c.h; fileEncoding = 30; name = "snappy-internal.h"; path = "../../../addons/ofxIO/libs/snappy/src/snappy-internal.h"; sourceTree = SOURCE_ROOT; };
		ECF8674C7975F1063C5E30CA /* ofxGuiGroup.cpp */ = {isa = PBXFileReference; explicitFileType = sourcecode.cpp.cpp; fileEncoding = 30; name = ofxGuiGroup.cpp; path = ../../../addons/ofxGui/src/ofxGuiGroup.cpp; sourceTree = SOURCE_ROOT; };
		F27637AABA89A235C5974D56 /* RecursiveDirectoryIteratorStategies.cpp */ = {isa = PBXFileReference; explicitFileType = sourcecode.cpp.cpp; fileEncoding = 30; name = RecursiveDirectoryIteratorStategies.cpp; path = ../../../addons/ofxIO/libs/ofxIO/src/RecursiveDirectoryIteratorStategies.cpp; sourceTree = SOURCE_ROOT; };
		F4030B6B8EDE26878C8D74F1 /* ByteBufferWriter.h */ = {isa = PBXFileReference; explicitFileType = sourcecode.c.h; fileEncoding = 30; name = ByteBufferWriter.h; path = ../../../addons/ofxIO/libs/ofxIO/include/ofx/IO/ByteBufferWriter.h; sourceTree = SOURCE_ROOT; };
		F5E31A831B4A68051A87AB3F /* lz4.h */ = {isa = PBXFileReference; explicitFileType = sourcecode.c.h; fileEncoding = 30; name = lz4.h; path = ../../../addons/ofxIO/libs/lz4/src/lz4.h; sourceTree = SOURCE_ROOT; };
		FCAF85B857266C511DB50341 /* HiddenFileFilter.cpp */ = {isa = PBXFileReference; explicitFileType = sourcecode.cpp.cpp; fileEncoding = 30; name = HiddenFileFilter.cpp; path = ../../../addons/ofxIO/libs/ofxIO/src/HiddenFileFilter.cpp; sourceTree = SOURCE_ROOT; };
		FD35DEC21FE06BF7F1516022 /* RegexPathFilter.h */ = {isa = PBXFileReference; explicitFileType = sourcecode.c.h; fileEncoding = 30; name = RegexPathFilter.h; path = ../../../addons/ofxIO/libs/ofxIO/include/ofx/IO/RegexPathFilter.h; sourceTree = SOURCE_ROOT; };
		FE5B3B19544657B6F9CCCA03 /* ByteBufferUtils.cpp */ = {isa = PBXFileReference; explicitFileType = sourcecode.cpp.cpp; fileEncoding = 30; name = ByteBufferUtils.cpp; path = ../../../addons/ofxIO/libs/ofxIO/src/ByteBufferUtils.cpp; sourceTree = SOURCE_ROOT; };
/* End PBXFileReference section */

/* Begin PBXFrameworksBuildPhase section */
		E4B69B590A3A1756003C02F2 /* Frameworks */ = {
			isa = PBXFrameworksBuildPhase;
			buildActionMask = 2147483647;
			files = (
				E4328149138ABC9F0047C5CB /* openFrameworksDebug.a in Frameworks */,
			);
			runOnlyForDeploymentPostprocessing = 0;
		};
/* End PBXFrameworksBuildPhase section */

/* Begin PBXGroup section */
		02C663A3035CB2AF8BCE07DC /* src */ = {
			isa = PBXGroup;
			children = (
				7913239832BBBF6B56ED2600 /* lz4.c */,
				F5E31A831B4A68051A87AB3F /* lz4.h */,
			);
			name = src;
			sourceTree = "<group>";
		};
		1FE55F3FCBD156AC7D591F69 /* libs */ = {
			isa = PBXGroup;
			children = (
				B40D93E4E6198327D6DA7BFA /* alphanum */,
				DFC5BBCB8B0B86B7FF7C1CE8 /* json */,
				8FE15F6815C4A8DE40915EAE /* lz4 */,
				92CF4367AF54E202BCF9E084 /* ofxIO */,
				D86EF5293C3BFC96A82C8EB7 /* snappy */,
			);
			name = libs;
			sourceTree = "<group>";
		};
		3F13BF933566839ED4C7CCED /* include */ = {
			isa = PBXGroup;
			children = (
				D1C382A37EE661F51AA773CC /* ofx */,
			);
			name = include;
			sourceTree = "<group>";
		};
		480A780D8D0308AE4A368801 /* ofxGui */ = {
			isa = PBXGroup;
			children = (
				A763ED608B35AE3310251DEE /* src */,
			);
			name = ofxGui;
			sourceTree = "<group>";
		};
		4A9E9C4D593FEAC751445421 /* src */ = {
			isa = PBXGroup;
			children = (
				EBECBB67C55635D1B4871A42 /* snappy-internal.h */,
				9A430D6BD10DC31AE2D07DA0 /* snappy-sinksource.cc */,
				A9ABBF4A56F7A5AAB5A5DC5D /* snappy-sinksource.h */,
				2FB74FF42B08FC378F74B2B7 /* snappy-stubs-internal.cc */,
				2BC552B95352F479531DC424 /* snappy-stubs-internal.h */,
				85B399C99F9879F6C78EDE1B /* snappy-stubs-public.h */,
				7362D621E1B9A92F5F4AC73B /* snappy.cc */,
				72804EF074677512091594C2 /* snappy.h */,
			);
			name = src;
			sourceTree = "<group>";
		};
		61711D3347CDFB64FA721D44 /* include */ = {
			isa = PBXGroup;
			children = (
				85307C7E25682171EB5DC998 /* ccv.h */,
			);
			name = include;
			sourceTree = "<group>";
		};
		6218C784DAA466F1DD9869FB /* libs */ = {
			isa = PBXGroup;
			children = (
				E19AC870476F8596968F1980 /* ofQuickTimePlayer */,
			);
			name = libs;
			sourceTree = "<group>";
		};
		671923EC06F4340D8255DA22 /* include */ = {
			isa = PBXGroup;
			children = (
				4D38898647BBFEEBB89C1569 /* alphanum.hpp */,
			);
			name = include;
			sourceTree = "<group>";
		};
		6948EE371B920CB800B5AC1A /* local_addons */ = {
			isa = PBXGroup;
			children = (
			);
			name = local_addons;
			sourceTree = "<group>";
		};
		795B0427BBCB5647F47B56C8 /* ofxCcv */ = {
			isa = PBXGroup;
			children = (
				CBD10E62E7E6E2DA133E22ED /* src */,
				88578B999DE5C1A63035FFCB /* libs */,
			);
			name = ofxCcv;
			sourceTree = "<group>";
		};
		81B9E335116A816EA1D2A2FA /* IO */ = {
			isa = PBXGroup;
			children = (
				89B60FB247E1F64013C716DC /* AbstractTypes.h */,
				64F728D0405D9777ECF43CD9 /* Base64Encoding.h */,
				2D170F102215CF0511959D79 /* ByteBuffer.h */,
				3CFE04CCE515BDEA95DEAA71 /* ByteBufferReader.h */,
				08401BD1A5AEF44AFF422B23 /* ByteBufferStream.h */,
				5D4C9D17E0C3F84DDB888544 /* ByteBufferUtils.h */,
				F4030B6B8EDE26878C8D74F1 /* ByteBufferWriter.h */,
				BF0BB2F28A4522316B1563A5 /* COBSEncoding.h */,
				C8F2762F4CCE12D7C1022DAA /* Compression.h */,
				557678EEFF0D0C6D692D0DEC /* DeviceFilter.h */,
				CECE089D24F272DB22504892 /* DirectoryFilter.h */,
				D1F82A94BD80BDC78E0B1922 /* DirectoryUtils.h */,
				BEFFAA5B8275E0AE066FC2E3 /* DirectoryWatcherManager.h */,
				1C011DA756FF131FC46A2907 /* FileExtensionFilter.h */,
				4EAC68CB142D702F9E3FD73E /* HexBinaryEncoding.h */,
				57E858FCDF1AB73089F1A9F0 /* HiddenFileFilter.h */,
				14290ED8DE68778AE3023FBC /* LinkFilter.h */,
				0FC82546C315D104CC8178D7 /* PathFilterCollection.h */,
				FD35DEC21FE06BF7F1516022 /* RegexPathFilter.h */,
				E8AF8381484827A10A418B26 /* SearchPath.h */,
				67B9F66F8197CB04B450E465 /* SLIPEncoding.h */,
				1E8B79D0091B95C305295952 /* URIEncoding.h */,
			);
			name = IO;
			sourceTree = "<group>";
		};
		827E879AF9EC79A81A74CC6F /* src */ = {
			isa = PBXGroup;
			children = (
				9D639BA31583580D80CFE15D /* Base64Encoding.cpp */,
				93384835C77BD4299F8A7F90 /* ByteBuffer.cpp */,
				021CAF811F031FFBDFB18797 /* ByteBufferReader.cpp */,
				C6C68D431AF8FD1A9E2DCFF2 /* ByteBufferStream.cpp */,
				FE5B3B19544657B6F9CCCA03 /* ByteBufferUtils.cpp */,
				C9BE77ADAEF79E623523E9D9 /* ByteBufferWriter.cpp */,
				4164C6C6CE5115889A99F42C /* COBSEncoding.cpp */,
				2FC8E2266FE2F5545775A16D /* Compression.cpp */,
				00F3330A5DEBD082CEE0C12C /* DeviceFilter.cpp */,
				E362E12547978AB05ABA9C57 /* DirectoryFilter.cpp */,
				9A967D1FAFA98A7CBBFA4F55 /* DirectoryUtils.cpp */,
				12A42DF3BFDE28A4818C2EC4 /* DirectoryWatcher.cpp */,
				0B6179498D0110BD2E161373 /* DirectoryWatcherManager.cpp */,
				6BD291FB03292C6D352C26FE /* FileExtensionFilter.cpp */,
				22565CAF8FFEF25C805A438F /* HexBinaryEncoding.cpp */,
				FCAF85B857266C511DB50341 /* HiddenFileFilter.cpp */,
				370DA13018950E5BFF8CF171 /* LinkFilter.cpp */,
				5114D2AF276E4E6E9A67B342 /* PathFilterCollection.cpp */,
				E95C4518AEDCDBEA357754B0 /* RecursiveDirectoryIterator.cpp */,
				F27637AABA89A235C5974D56 /* RecursiveDirectoryIteratorStategies.cpp */,
				13D68F0C2CAE7809D621924C /* RegexPathFilter.cpp */,
				8D76B424A6DF4D70AACCDBAE /* SearchPath.cpp */,
				D1616DA13ECD5FC9DB4D5714 /* SLIPEncoding.cpp */,
				60F63F5C68476F0C9095B247 /* URIEncoding.cpp */,
			);
			name = src;
			sourceTree = "<group>";
		};
		84110FEC26026E23FCEDE55A /* src */ = {
			isa = PBXGroup;
			children = (
				C289F16CCC88C08ABEBC3CE6 /* bhtsne */,
				D985BBD882BD1582C610B30C /* ofxTSNE.cpp */,
				A18A04F43F1A3D8641B0D261 /* ofxTSNE.h */,
			);
			name = src;
			sourceTree = "<group>";
		};
		88578B999DE5C1A63035FFCB /* libs */ = {
			isa = PBXGroup;
			children = (
				FBBD8BC6A172852ABC6FF337 /* ccv */,
			);
			name = libs;
			sourceTree = "<group>";
		};
		8FE15F6815C4A8DE40915EAE /* lz4 */ = {
			isa = PBXGroup;
			children = (
				02C663A3035CB2AF8BCE07DC /* src */,
			);
			name = lz4;
			sourceTree = "<group>";
		};
		92CF4367AF54E202BCF9E084 /* ofxIO */ = {
			isa = PBXGroup;
			children = (
				3F13BF933566839ED4C7CCED /* include */,
				827E879AF9EC79A81A74CC6F /* src */,
			);
			name = ofxIO;
			sourceTree = "<group>";
		};
		93259B5E376265BD4CF266A8 /* src */ = {
			isa = PBXGroup;
			children = (
				5E45D8C6FD325C1BB31AF2CE /* ofxThreadedVideo.cpp */,
				CDC404ED9ABBC52A78231ECB /* ofxThreadedVideo.h */,
			);
			name = src;
			sourceTree = "<group>";
		};
		A2C3A140678F172C21702046 /* ofxTSNE */ = {
			isa = PBXGroup;
			children = (
				84110FEC26026E23FCEDE55A /* src */,
			);
			name = ofxTSNE;
			sourceTree = "<group>";
		};
		A763ED608B35AE3310251DEE /* src */ = {
			isa = PBXGroup;
			children = (
				9604B925D32EE39065747725 /* ofxBaseGui.cpp */,
				87F26B4B24CBD428AD9EEBAA /* ofxBaseGui.h */,
				C88333E71C9457E441C33474 /* ofxButton.cpp */,
				2834D88A62CD23F3DE2C47D1 /* ofxButton.h */,
				17E65988300FBD9AAA2CD0CA /* ofxGui.h */,
				ECF8674C7975F1063C5E30CA /* ofxGuiGroup.cpp */,
				1C0DA2561397A7DE0246858B /* ofxGuiGroup.h */,
				78D67A00EB899FAC09430597 /* ofxLabel.cpp */,
				B87C60311EC1FE841C1ECD89 /* ofxLabel.h */,
				E112B3AEBEA2C091BF2B40AE /* ofxPanel.cpp */,
				89449E3044D456F7DE7BEA14 /* ofxPanel.h */,
				15F2C6477A769C03A56D1401 /* ofxSlider.cpp */,
				52AFA1F08C420992CAAAE648 /* ofxSlider.h */,
				802251BAF1B35B1D67B32FD0 /* ofxSliderGroup.cpp */,
				C70D8946940288799E82131E /* ofxSliderGroup.h */,
				907C5B5E104864A2D3A25745 /* ofxToggle.cpp */,
				0A1DAC09F322AE313A40706D /* ofxToggle.h */,
			);
			name = src;
			sourceTree = "<group>";
		};
		A8792B4B23B2F70E1065D67F /* ofxIO */ = {
			isa = PBXGroup;
			children = (
				D86C6322CF7554A9BE5EB8BF /* src */,
				1FE55F3FCBD156AC7D591F69 /* libs */,
			);
			name = ofxIO;
			sourceTree = "<group>";
		};
		B40D93E4E6198327D6DA7BFA /* alphanum */ = {
			isa = PBXGroup;
			children = (
				671923EC06F4340D8255DA22 /* include */,
			);
			name = alphanum;
			sourceTree = "<group>";
		};
		BB4B014C10F69532006C3DED /* addons */ = {
			isa = PBXGroup;
			children = (
				795B0427BBCB5647F47B56C8 /* ofxCcv */,
				480A780D8D0308AE4A368801 /* ofxGui */,
				A8792B4B23B2F70E1065D67F /* ofxIO */,
				A2C3A140678F172C21702046 /* ofxTSNE */,
				C0F8008525AA1B08A9CCB1DE /* ofxThreadedVideo */,
			);
			name = addons;
			sourceTree = "<group>";
		};
		C0F8008525AA1B08A9CCB1DE /* ofxThreadedVideo */ = {
			isa = PBXGroup;
			children = (
				93259B5E376265BD4CF266A8 /* src */,
				6218C784DAA466F1DD9869FB /* libs */,
			);
			name = ofxThreadedVideo;
			sourceTree = "<group>";
		};
		C289F16CCC88C08ABEBC3CE6 /* bhtsne */ = {
			isa = PBXGroup;
			children = (
				29CFCFEEAF44F7849B7A8E2C /* sptree.cpp */,
				D361105E69E9248C8CDD4024 /* sptree.h */,
				C5EC22EBF07D1C6136CAFF40 /* tsne.cpp */,
				54DCDCE01CF02EC24329509D /* tsne.h */,
				1F7816F26F468BAC49B9ADD0 /* vptree.h */,
			);
			name = bhtsne;
			sourceTree = "<group>";
		};
		CBD10E62E7E6E2DA133E22ED /* src */ = {
			isa = PBXGroup;
			children = (
				EA24FDDC5E989AF2191488A3 /* ofxCcv.cpp */,
				DE75137AC67515D3FC3624C7 /* ofxCcv.h */,
			);
			name = src;
			sourceTree = "<group>";
		};
		D1C382A37EE661F51AA773CC /* ofx */ = {
			isa = PBXGroup;
			children = (
				181F02B531162F6039F6ADC2 /* DirectoryWatcher.h */,
				81B9E335116A816EA1D2A2FA /* IO */,
				9E2A709AC0FDCAC46BEC3DB4 /* RecursiveDirectoryIterator.h */,
				B608BB92EA071BC82EB9F62F /* RecursiveDirectoryIteratorImpl.h */,
				469AA5350C4777BED9805BC4 /* RecursiveDirectoryIteratorStategies.h */,
			);
			name = ofx;
			sourceTree = "<group>";
		};
		D86C6322CF7554A9BE5EB8BF /* src */ = {
			isa = PBXGroup;
			children = (
				4593838C4B4BCE40284AAE07 /* ofxIO.h */,
			);
			name = src;
			sourceTree = "<group>";
		};
		D86EF5293C3BFC96A82C8EB7 /* snappy */ = {
			isa = PBXGroup;
			children = (
				4A9E9C4D593FEAC751445421 /* src */,
			);
			name = snappy;
			sourceTree = "<group>";
		};
		DFC5BBCB8B0B86B7FF7C1CE8 /* json */ = {
			isa = PBXGroup;
			children = (
				FC2042CCE56D976895CD4536 /* include */,
			);
			name = json;
			sourceTree = "<group>";
		};
		E19AC870476F8596968F1980 /* ofQuickTimePlayer */ = {
			isa = PBXGroup;
			children = (
				200635AFA9886B385768CF9F /* ofQtUtils.cpp */,
				4640D0013F0E0521ED9BB779 /* ofQtUtils.h */,
				87207862AEFA00BA69E52F72 /* ofQuickTimePlayer.cpp */,
				473D2DD7F867134035DB56BC /* ofQuickTimePlayer.h */,
			);
			name = ofQuickTimePlayer;
			sourceTree = "<group>";
		};
		E4328144138ABC890047C5CB /* Products */ = {
			isa = PBXGroup;
			children = (
				E4328148138ABC890047C5CB /* openFrameworksDebug.a */,
			);
			name = Products;
			sourceTree = "<group>";
		};
		E4B69B4A0A3A1720003C02F2 = {
			isa = PBXGroup;
			children = (
				E4B6FCAD0C3E899E008CF71C /* openFrameworks-Info.plist */,
				E4EB6923138AFD0F00A09F29 /* Project.xcconfig */,
				E4B69E1C0A3A1BDC003C02F2 /* src */,
				E4EEC9E9138DF44700A80321 /* openFrameworks */,
				BB4B014C10F69532006C3DED /* addons */,
				6948EE371B920CB800B5AC1A /* local_addons */,
				E4B69B5B0A3A1756003C02F2 /* tSNEImageCoordinatesDebug.app */,
			);
			sourceTree = "<group>";
		};
		E4B69E1C0A3A1BDC003C02F2 /* src */ = {
			isa = PBXGroup;
			children = (
				E4B69E1D0A3A1BDC003C02F2 /* main.cpp */,
				E4B69E1E0A3A1BDC003C02F2 /* ofApp.cpp */,
				E4B69E1F0A3A1BDC003C02F2 /* ofApp.h */,
			);
			path = src;
			sourceTree = SOURCE_ROOT;
		};
		E4EEC9E9138DF44700A80321 /* openFrameworks */ = {
			isa = PBXGroup;
			children = (
				E4EB691F138AFCF100A09F29 /* CoreOF.xcconfig */,
				E4328143138ABC890047C5CB /* openFrameworksLib.xcodeproj */,
			);
			name = openFrameworks;
			sourceTree = "<group>";
		};
		FBBD8BC6A172852ABC6FF337 /* ccv */ = {
			isa = PBXGroup;
			children = (
				61711D3347CDFB64FA721D44 /* include */,
			);
			name = ccv;
			sourceTree = "<group>";
		};
		FC2042CCE56D976895CD4536 /* include */ = {
			isa = PBXGroup;
			children = (
				9912FEC53B46A243A4DAC743 /* json.hpp */,
			);
			name = include;
			sourceTree = "<group>";
		};
/* End PBXGroup section */

/* Begin PBXNativeTarget section */
		E4B69B5A0A3A1756003C02F2 /* tSNEImageCoordinates */ = {
			isa = PBXNativeTarget;
			buildConfigurationList = E4B69B5F0A3A1757003C02F2 /* Build configuration list for PBXNativeTarget "tSNEImageCoordinates" */;
			buildPhases = (
				E4B69B580A3A1756003C02F2 /* Sources */,
				E4B69B590A3A1756003C02F2 /* Frameworks */,
				E4B6FFFD0C3F9AB9008CF71C /* ShellScript */,
				E4C2427710CC5ABF004149E2 /* CopyFiles */,
			);
			buildRules = (
			);
			dependencies = (
				E4EEB9AC138B136A00A80321 /* PBXTargetDependency */,
			);
			name = tSNEImageCoordinates;
			productName = myOFApp;
			productReference = E4B69B5B0A3A1756003C02F2 /* tSNEImageCoordinatesDebug.app */;
			productType = "com.apple.product-type.application";
		};
/* End PBXNativeTarget section */

/* Begin PBXProject section */
		E4B69B4C0A3A1720003C02F2 /* Project object */ = {
			isa = PBXProject;
			attributes = {
				LastUpgradeCheck = 0730;
			};
			buildConfigurationList = E4B69B4D0A3A1720003C02F2 /* Build configuration list for PBXProject "tSNEImageCoordinates" */;
			compatibilityVersion = "Xcode 3.2";
			developmentRegion = English;
			hasScannedForEncodings = 0;
			knownRegions = (
				English,
				Japanese,
				French,
				German,
			);
			mainGroup = E4B69B4A0A3A1720003C02F2;
			productRefGroup = E4B69B4A0A3A1720003C02F2;
			projectDirPath = "";
			projectReferences = (
				{
					ProductGroup = E4328144138ABC890047C5CB /* Products */;
					ProjectRef = E4328143138ABC890047C5CB /* openFrameworksLib.xcodeproj */;
				},
			);
			projectRoot = "";
			targets = (
				E4B69B5A0A3A1756003C02F2 /* tSNEImageCoordinates */,
			);
		};
/* End PBXProject section */

/* Begin PBXReferenceProxy section */
		E4328148138ABC890047C5CB /* openFrameworksDebug.a */ = {
			isa = PBXReferenceProxy;
			fileType = archive.ar;
			path = openFrameworksDebug.a;
			remoteRef = E4328147138ABC890047C5CB /* PBXContainerItemProxy */;
			sourceTree = BUILT_PRODUCTS_DIR;
		};
/* End PBXReferenceProxy section */

/* Begin PBXShellScriptBuildPhase section */
		E4B6FFFD0C3F9AB9008CF71C /* ShellScript */ = {
			isa = PBXShellScriptBuildPhase;
			buildActionMask = 2147483647;
			files = (
			);
			inputPaths = (
			);
			outputPaths = (
			);
			runOnlyForDeploymentPostprocessing = 0;
			shellPath = /bin/sh;
			shellScript = "mkdir -p \"$TARGET_BUILD_DIR/$PRODUCT_NAME.app/Contents/Resources/\"\n# Copy default icon file into App/Resources\nrsync -aved \"$ICON_FILE\" \"$TARGET_BUILD_DIR/$PRODUCT_NAME.app/Contents/Resources/\"\n# Copy libfmod and change install directory for fmod to run\nrsync -aved ../../../libs/fmodex/lib/osx/libfmodex.dylib \"$TARGET_BUILD_DIR/$PRODUCT_NAME.app/Contents/Frameworks/\";\ninstall_name_tool -change @executable_path/libfmodex.dylib @executable_path/../Frameworks/libfmodex.dylib \"$TARGET_BUILD_DIR/$PRODUCT_NAME.app/Contents/MacOS/$PRODUCT_NAME\";\n# Copy GLUT framework (must remove for AppStore submissions)\nrsync -aved ../../../libs/glut/lib/osx/GLUT.framework \"$TARGET_BUILD_DIR/$PRODUCT_NAME.app/Contents/Frameworks/\"\n";
		};
/* End PBXShellScriptBuildPhase section */

/* Begin PBXSourcesBuildPhase section */
		E4B69B580A3A1756003C02F2 /* Sources */ = {
			isa = PBXSourcesBuildPhase;
			buildActionMask = 2147483647;
			files = (
				E4B69E200A3A1BDC003C02F2 /* main.cpp in Sources */,
				E4B69E210A3A1BDC003C02F2 /* ofApp.cpp in Sources */,
				6A5A3AF2E51903FC129D6939 /* ofxCcv.cpp in Sources */,
				856AA354D08AB4B323081444 /* ofxBaseGui.cpp in Sources */,
				5CBB2AB3A60F65431D7B555D /* ofxButton.cpp in Sources */,
				B266578FC55D23BFEBC042E7 /* ofxGuiGroup.cpp in Sources */,
				483908258D00B98B4BE69F07 /* ofxLabel.cpp in Sources */,
				F285EB3169F1566CA3D93C20 /* ofxPanel.cpp in Sources */,
				837220E80EB56CD44AD27F2A /* ofxSlider.cpp in Sources */,
				B56FE57CC35806596D38118C /* ofxSliderGroup.cpp in Sources */,
				1CD33E884D9E3358252E82A1 /* ofxToggle.cpp in Sources */,
				3BFC7CF50BEB0307821B90A6 /* lz4.c in Sources */,
				DFA0F30B1193D5DC1BB53E5E /* Base64Encoding.cpp in Sources */,
				D932A5A24FCF08AE510A265D /* ByteBuffer.cpp in Sources */,
				62509F39EA6197BEA0194276 /* ByteBufferReader.cpp in Sources */,
				347D67CCF4C7C7725118DD59 /* ByteBufferStream.cpp in Sources */,
				66A80FD312926DEB8C9FE7F6 /* ByteBufferUtils.cpp in Sources */,
				494950167FFB212CEB9ECD0A /* ByteBufferWriter.cpp in Sources */,
				FE9170FE54D704DF97B0E5BD /* COBSEncoding.cpp in Sources */,
				93640C223A2F5BEAD6DA2E35 /* Compression.cpp in Sources */,
				CDB5B1D2D12F42502906F30F /* DeviceFilter.cpp in Sources */,
				84FED53B4CEB4C25C00E172B /* DirectoryFilter.cpp in Sources */,
				CEFD3CCAB8B3251DFCAAA0EE /* DirectoryUtils.cpp in Sources */,
				EB4F14C4AE3B3EFD04520383 /* DirectoryWatcher.cpp in Sources */,
				BE177617474F11F05E9260FC /* DirectoryWatcherManager.cpp in Sources */,
				5BB82711925A3764235C2CEB /* FileExtensionFilter.cpp in Sources */,
				F953E11952BFF8C207418550 /* HexBinaryEncoding.cpp in Sources */,
				B3E6D60405574847412D7441 /* HiddenFileFilter.cpp in Sources */,
				86B56E23D787A5F24641398F /* LinkFilter.cpp in Sources */,
				B7E0003B826CBA379A3F66E5 /* PathFilterCollection.cpp in Sources */,
				E2C54FD4C85A860582282F7C /* RecursiveDirectoryIterator.cpp in Sources */,
				899BAF53175868463FE1B029 /* RecursiveDirectoryIteratorStategies.cpp in Sources */,
				3C9A355A55D68A8E882FEF85 /* RegexPathFilter.cpp in Sources */,
				1CC07C1A616F29EB8EEC3D21 /* SearchPath.cpp in Sources */,
				B1BF03D79762719793CC9F1A /* SLIPEncoding.cpp in Sources */,
				790CD6606BE3D38A9AD52AF1 /* URIEncoding.cpp in Sources */,
				D81A435CE7FDF51B41956210 /* snappy-sinksource.cc in Sources */,
				1298066D39CE7EC3DA60256A /* snappy-stubs-internal.cc in Sources */,
				868BEDC19B53FD512D7E3100 /* snappy.cc in Sources */,
				3F59654CA5CEEFA57C8D09DC /* sptree.cpp in Sources */,
				BF438D1989EA8474A24FC372 /* tsne.cpp in Sources */,
				51A4134BF889D553064DCD2E /* ofxTSNE.cpp in Sources */,
				43A33BF0EDF818E4FB3CAB18 /* ofxThreadedVideo.cpp in Sources */,
				A78A88346F8445759C1051ED /* ofQtUtils.cpp in Sources */,
				E51F023C520F01514EE7C7BD /* ofQuickTimePlayer.cpp in Sources */,
			);
			runOnlyForDeploymentPostprocessing = 0;
		};
/* End PBXSourcesBuildPhase section */

/* Begin PBXTargetDependency section */
		E4EEB9AC138B136A00A80321 /* PBXTargetDependency */ = {
			isa = PBXTargetDependency;
			name = openFrameworks;
			targetProxy = E4EEB9AB138B136A00A80321 /* PBXContainerItemProxy */;
		};
/* End PBXTargetDependency section */

/* Begin XCBuildConfiguration section */
		E4B69B4E0A3A1720003C02F2 /* Debug */ = {
			isa = XCBuildConfiguration;
			baseConfigurationReference = E4EB6923138AFD0F00A09F29 /* Project.xcconfig */;
			buildSettings = {
				CONFIGURATION_BUILD_DIR = "$(SRCROOT)/bin/";
				COPY_PHASE_STRIP = NO;
				DEAD_CODE_STRIPPING = YES;
				ENABLE_TESTABILITY = NO;
				GCC_AUTO_VECTORIZATION = YES;
				GCC_ENABLE_SSE3_EXTENSIONS = YES;
				GCC_ENABLE_SUPPLEMENTAL_SSE3_INSTRUCTIONS = YES;
				GCC_INLINES_ARE_PRIVATE_EXTERN = NO;
				GCC_OPTIMIZATION_LEVEL = 0;
				GCC_SYMBOLS_PRIVATE_EXTERN = NO;
				GCC_WARN_ABOUT_DEPRECATED_FUNCTIONS = YES;
				GCC_WARN_ABOUT_INVALID_OFFSETOF_MACRO = NO;
				GCC_WARN_ALLOW_INCOMPLETE_PROTOCOL = NO;
				GCC_WARN_UNINITIALIZED_AUTOS = NO;
				GCC_WARN_UNUSED_VALUE = NO;
				GCC_WARN_UNUSED_VARIABLE = NO;
				HEADER_SEARCH_PATHS = (
					"$(OF_CORE_HEADERS)",
					src,
					../../../addons/ofxCcv/libs,
					../../../addons/ofxCcv/libs/ccv,
					../../../addons/ofxCcv/libs/ccv/include,
					../../../addons/ofxCcv/libs/ccv/lib,
					../../../addons/ofxCcv/libs/ccv/lib/osx,
					../../../addons/ofxCcv/src,
					../../../addons/ofxGui/src,
					../../../addons/ofxIO/libs,
					../../../addons/ofxIO/libs/alphanum,
					../../../addons/ofxIO/libs/alphanum/include,
					../../../addons/ofxIO/libs/json,
					../../../addons/ofxIO/libs/json/include,
					../../../addons/ofxIO/libs/json/license,
					../../../addons/ofxIO/libs/lz4,
					../../../addons/ofxIO/libs/lz4/src,
					../../../addons/ofxIO/libs/ofxIO,
					../../../addons/ofxIO/libs/ofxIO/include,
					../../../addons/ofxIO/libs/ofxIO/include/ofx,
					../../../addons/ofxIO/libs/ofxIO/include/ofx/IO,
					../../../addons/ofxIO/libs/ofxIO/src,
					../../../addons/ofxIO/libs/snappy,
					../../../addons/ofxIO/libs/snappy/src,
					../../../addons/ofxIO/src,
					../../../addons/ofxTSNE/src,
					../../../addons/ofxTSNE/src/bhtsne,
					../../../addons/ofxThreadedVideo/libs,
					../../../addons/ofxThreadedVideo/libs/ofQuickTimePlayer,
					../../../addons/ofxThreadedVideo/src,
				);
				MACOSX_DEPLOYMENT_TARGET = 10.11;
				ONLY_ACTIVE_ARCH = YES;
				OTHER_CPLUSPLUSFLAGS = (
					"-D__MACOSX_CORE__",
					"-mtune=native",
				);
				OTHER_LDFLAGS = (
					"$(OF_CORE_FRAMEWORKS)",
					"$(OF_CORE_LIBS)",
					../../../addons/ofxCcv/libs/ccv/lib/osx/ccv.a,
				);
				SDKROOT = macosx;
			};
			name = Debug;
		};
		E4B69B4F0A3A1720003C02F2 /* Release */ = {
			isa = XCBuildConfiguration;
			baseConfigurationReference = E4EB6923138AFD0F00A09F29 /* Project.xcconfig */;
			buildSettings = {
				CONFIGURATION_BUILD_DIR = "$(SRCROOT)/bin/";
				COPY_PHASE_STRIP = YES;
				DEAD_CODE_STRIPPING = YES;
				GCC_AUTO_VECTORIZATION = YES;
				GCC_ENABLE_SSE3_EXTENSIONS = YES;
				GCC_ENABLE_SUPPLEMENTAL_SSE3_INSTRUCTIONS = YES;
				GCC_INLINES_ARE_PRIVATE_EXTERN = NO;
				GCC_OPTIMIZATION_LEVEL = 3;
				GCC_SYMBOLS_PRIVATE_EXTERN = NO;
				GCC_UNROLL_LOOPS = YES;
				GCC_WARN_ABOUT_DEPRECATED_FUNCTIONS = YES;
				GCC_WARN_ABOUT_INVALID_OFFSETOF_MACRO = NO;
				GCC_WARN_ALLOW_INCOMPLETE_PROTOCOL = NO;
				GCC_WARN_UNINITIALIZED_AUTOS = NO;
				GCC_WARN_UNUSED_VALUE = NO;
				GCC_WARN_UNUSED_VARIABLE = NO;
				HEADER_SEARCH_PATHS = (
					"$(OF_CORE_HEADERS)",
					src,
					../../../addons/ofxCcv/libs,
					../../../addons/ofxCcv/libs/ccv,
					../../../addons/ofxCcv/libs/ccv/include,
					../../../addons/ofxCcv/libs/ccv/lib,
					../../../addons/ofxCcv/libs/ccv/lib/osx,
					../../../addons/ofxCcv/src,
					../../../addons/ofxGui/src,
					../../../addons/ofxIO/libs,
					../../../addons/ofxIO/libs/alphanum,
					../../../addons/ofxIO/libs/alphanum/include,
					../../../addons/ofxIO/libs/json,
					../../../addons/ofxIO/libs/json/include,
					../../../addons/ofxIO/libs/json/license,
					../../../addons/ofxIO/libs/lz4,
					../../../addons/ofxIO/libs/lz4/src,
					../../../addons/ofxIO/libs/ofxIO,
					../../../addons/ofxIO/libs/ofxIO/include,
					../../../addons/ofxIO/libs/ofxIO/include/ofx,
					../../../addons/ofxIO/libs/ofxIO/include/ofx/IO,
					../../../addons/ofxIO/libs/ofxIO/src,
					../../../addons/ofxIO/libs/snappy,
					../../../addons/ofxIO/libs/snappy/src,
					../../../addons/ofxIO/src,
					../../../addons/ofxTSNE/src,
					../../../addons/ofxTSNE/src/bhtsne,
					../../../addons/ofxThreadedVideo/libs,
					../../../addons/ofxThreadedVideo/libs/ofQuickTimePlayer,
					../../../addons/ofxThreadedVideo/src,
				);
				MACOSX_DEPLOYMENT_TARGET = 10.11;
				OTHER_CPLUSPLUSFLAGS = (
					"-D__MACOSX_CORE__",
					"-mtune=native",
				);
				OTHER_LDFLAGS = (
					"$(OF_CORE_FRAMEWORKS)",
					"$(OF_CORE_LIBS)",
					../../../addons/ofxCcv/libs/ccv/lib/osx/ccv.a,
				);
				SDKROOT = macosx;
			};
			name = Release;
		};
		E4B69B600A3A1757003C02F2 /* Debug */ = {
			isa = XCBuildConfiguration;
			baseConfigurationReference = E4EB6923138AFD0F00A09F29 /* Project.xcconfig */;
			buildSettings = {
				COMBINE_HIDPI_IMAGES = YES;
				COPY_PHASE_STRIP = NO;
				FRAMEWORK_SEARCH_PATHS = (
					"$(inherited)",
					"$(FRAMEWORK_SEARCH_PATHS_QUOTED_FOR_TARGET_1)",
				);
				FRAMEWORK_SEARCH_PATHS_QUOTED_FOR_TARGET_1 = "\"$(SRCROOT)/../../../libs/glut/lib/osx\"";
				GCC_DYNAMIC_NO_PIC = NO;
				GCC_GENERATE_DEBUGGING_SYMBOLS = YES;
				GCC_MODEL_TUNING = NONE;
				HEADER_SEARCH_PATHS = (
					"$(OF_CORE_HEADERS)",
					src,
					../../../addons/ofxCcv/libs,
					../../../addons/ofxCcv/libs/ccv,
					../../../addons/ofxCcv/libs/ccv/include,
					../../../addons/ofxCcv/libs/ccv/lib,
					../../../addons/ofxCcv/libs/ccv/lib/osx,
					../../../addons/ofxCcv/src,
					../../../addons/ofxGui/src,
					../../../addons/ofxIO/libs,
					../../../addons/ofxIO/libs/alphanum,
					../../../addons/ofxIO/libs/alphanum/include,
					../../../addons/ofxIO/libs/json,
					../../../addons/ofxIO/libs/json/include,
					../../../addons/ofxIO/libs/json/license,
					../../../addons/ofxIO/libs/lz4,
					../../../addons/ofxIO/libs/lz4/src,
					../../../addons/ofxIO/libs/ofxIO,
					../../../addons/ofxIO/libs/ofxIO/include,
					../../../addons/ofxIO/libs/ofxIO/include/ofx,
					../../../addons/ofxIO/libs/ofxIO/include/ofx/IO,
					../../../addons/ofxIO/libs/ofxIO/src,
					../../../addons/ofxIO/libs/snappy,
					../../../addons/ofxIO/libs/snappy/src,
					../../../addons/ofxIO/src,
					../../../addons/ofxTSNE/src,
					../../../addons/ofxTSNE/src/bhtsne,
					../../../addons/ofxThreadedVideo/libs,
					../../../addons/ofxThreadedVideo/libs/ofQuickTimePlayer,
					../../../addons/ofxThreadedVideo/src,
				);
				ICON = "$(ICON_NAME_DEBUG)";
				ICON_FILE = "$(ICON_FILE_PATH)$(ICON)";
				INFOPLIST_FILE = "openFrameworks-Info.plist";
				INSTALL_PATH = /Applications;
				LIBRARY_SEARCH_PATHS = "$(inherited)";
				OTHER_LDFLAGS = (
					"$(OF_CORE_FRAMEWORKS)",
					"$(OF_CORE_LIBS)",
					../../../addons/ofxCcv/libs/ccv/lib/osx/ccv.a,
				);
				PRODUCT_BUNDLE_IDENTIFIER = cc.openFrameworks.ofapp;
				PRODUCT_NAME = "$(TARGET_NAME)Debug";
				WRAPPER_EXTENSION = app;
			};
			name = Debug;
		};
		E4B69B610A3A1757003C02F2 /* Release */ = {
			isa = XCBuildConfiguration;
			baseConfigurationReference = E4EB6923138AFD0F00A09F29 /* Project.xcconfig */;
			buildSettings = {
				COMBINE_HIDPI_IMAGES = YES;
				COPY_PHASE_STRIP = YES;
				FRAMEWORK_SEARCH_PATHS = (
					"$(inherited)",
					"$(FRAMEWORK_SEARCH_PATHS_QUOTED_FOR_TARGET_1)",
				);
				FRAMEWORK_SEARCH_PATHS_QUOTED_FOR_TARGET_1 = "\"$(SRCROOT)/../../../libs/glut/lib/osx\"";
				GCC_GENERATE_DEBUGGING_SYMBOLS = YES;
				GCC_MODEL_TUNING = NONE;
				HEADER_SEARCH_PATHS = (
					"$(OF_CORE_HEADERS)",
					src,
					../../../addons/ofxCcv/libs,
					../../../addons/ofxCcv/libs/ccv,
					../../../addons/ofxCcv/libs/ccv/include,
					../../../addons/ofxCcv/libs/ccv/lib,
					../../../addons/ofxCcv/libs/ccv/lib/osx,
					../../../addons/ofxCcv/src,
					../../../addons/ofxGui/src,
					../../../addons/ofxIO/libs,
					../../../addons/ofxIO/libs/alphanum,
					../../../addons/ofxIO/libs/alphanum/include,
					../../../addons/ofxIO/libs/json,
					../../../addons/ofxIO/libs/json/include,
					../../../addons/ofxIO/libs/json/license,
					../../../addons/ofxIO/libs/lz4,
					../../../addons/ofxIO/libs/lz4/src,
					../../../addons/ofxIO/libs/ofxIO,
					../../../addons/ofxIO/libs/ofxIO/include,
					../../../addons/ofxIO/libs/ofxIO/include/ofx,
					../../../addons/ofxIO/libs/ofxIO/include/ofx/IO,
					../../../addons/ofxIO/libs/ofxIO/src,
					../../../addons/ofxIO/libs/snappy,
					../../../addons/ofxIO/libs/snappy/src,
					../../../addons/ofxIO/src,
					../../../addons/ofxTSNE/src,
					../../../addons/ofxTSNE/src/bhtsne,
					../../../addons/ofxThreadedVideo/libs,
					../../../addons/ofxThreadedVideo/libs/ofQuickTimePlayer,
					../../../addons/ofxThreadedVideo/src,
				);
				ICON = "$(ICON_NAME_RELEASE)";
				ICON_FILE = "$(ICON_FILE_PATH)$(ICON)";
				INFOPLIST_FILE = "openFrameworks-Info.plist";
				INSTALL_PATH = /Applications;
				LIBRARY_SEARCH_PATHS = "$(inherited)";
				OTHER_LDFLAGS = (
					"$(OF_CORE_FRAMEWORKS)",
					"$(OF_CORE_LIBS)",
					../../../addons/ofxCcv/libs/ccv/lib/osx/ccv.a,
				);
				PRODUCT_BUNDLE_IDENTIFIER = cc.openFrameworks.ofapp;
				PRODUCT_NAME = "$(TARGET_NAME)";
				WRAPPER_EXTENSION = app;
				baseConfigurationReference = E4EB6923138AFD0F00A09F29;
			};
			name = Release;
		};
/* End XCBuildConfiguration section */

/* Begin XCConfigurationList section */
		E4B69B4D0A3A1720003C02F2 /* Build configuration list for PBXProject "tSNEImageCoordinates" */ = {
			isa = XCConfigurationList;
			buildConfigurations = (
				E4B69B4E0A3A1720003C02F2 /* Debug */,
				E4B69B4F0A3A1720003C02F2 /* Release */,
			);
			defaultConfigurationIsVisible = 0;
			defaultConfigurationName = Release;
		};
		E4B69B5F0A3A1757003C02F2 /* Build configuration list for PBXNativeTarget "tSNEImageCoordinates" */ = {
			isa = XCConfigurationList;
			buildConfigurations = (
				E4B69B600A3A1757003C02F2 /* Debug */,
				E4B69B610A3A1757003C02F2 /* Release */,
			);
			defaultConfigurationIsVisible = 0;
			defaultConfigurationName = Release;
		};
/* End XCConfigurationList section */
	};
	rootObject = E4B69B4C0A3A1720003C02F2 /* Project object */;
}
